
Microsoft Visual Studio Solution File, Format Version 12.00
# Visual Studio Version 17
VisualStudioVersion = 17.11.35219.272
MinimumVisualStudioVersion = 10.0.40219.1
Project("{F184B08F-C81C-45F6-A57F-5ABD9991F28F}") = "CRUD", "CRUD.vbproj", "{9D4A8D1C-E016-4251-AB49-FCE34F4A79D4}"
EndProject
Global
	GlobalSection(SolutionConfigurationPlatforms) = preSolution
		Debug|Any CPU = Debug|Any CPU
		Release|Any CPU = Release|Any CPU
	EndGlobalSection
	GlobalSection(ProjectConfigurationPlatforms) = postSolution
		{9D4A8D1C-E016-4251-AB49-FCE34F4A79D4}.Debug|Any CPU.ActiveCfg = Debug|Any CPU
		{9D4A8D1C-E016-4251-AB49-FCE34F4A79D4}.Debug|Any CPU.Build.0 = Debug|Any CPU
		{9D4A8D1C-E016-4251-AB49-FCE34F4A79D4}.Release|Any CPU.ActiveCfg = Release|Any CPU
		{9D4A8D1C-E016-4251-AB49-FCE34F4A79D4}.Release|Any CPU.Build.0 = Release|Any CPU
	EndGlobalSection
	GlobalSection(SolutionProperties) = preSolution
		HideSolutionNode = FALSE
	EndGlobalSection
	GlobalSection(ExtensibilityGlobals) = postSolution
		SolutionGuid = {613886C7-9AB1-4395-A7DB-8D17B9BC551B}
	EndGlobalSection
EndGlobal
